
Microsoft Visual Studio Solution File, Format Version 12.00
# Visual Studio Version 17
VisualStudioVersion = 17.4.33403.182
MinimumVisualStudioVersion = 10.0.40219.1
Project("{9A19103F-16F7-4668-BE54-9A1E7A4F7556}") = "ExcelReader", "EJournalReader\ExcelReader.csproj", "{CC09A16C-FBC2-46EC-A338-293988F96614}"
EndProject
Project("{9A19103F-16F7-4668-BE54-9A1E7A4F7556}") = "EJournalGrpcService", "EJournalGrpcService\EJournalGrpcService.csproj", "{8BB7D25C-09C4-4D2E-B15E-C32AE5D0F5F0}"
EndProject
Project("{9A19103F-16F7-4668-BE54-9A1E7A4F7556}") = "EJournalDatabase", "EJournalDatabase\EJournalDatabase.csproj", "{6A0F057D-A654-4A9C-8287-289EE793B16E}"
EndProject
Project("{9A19103F-16F7-4668-BE54-9A1E7A4F7556}") = "ReaderTestApp", "ReaderTestApp\ReaderTestApp.csproj", "{C926027B-0502-4EBE-B5B4-3AB9EBB17D14}"
EndProject
Project("{FAE04EC0-301F-11D3-BF4B-00C04F79EFBC}") = "GrpcTestApp", "GrpcTestApp\GrpcTestApp.csproj", "{AA18C5A9-408A-4231-A0B0-C822B9562CEF}"
EndProject
Global
	GlobalSection(SolutionConfigurationPlatforms) = preSolution
		Debug|Any CPU = Debug|Any CPU
		Release|Any CPU = Release|Any CPU
	EndGlobalSection
	GlobalSection(ProjectConfigurationPlatforms) = postSolution
		{CC09A16C-FBC2-46EC-A338-293988F96614}.Debug|Any CPU.ActiveCfg = Debug|Any CPU
		{CC09A16C-FBC2-46EC-A338-293988F96614}.Debug|Any CPU.Build.0 = Debug|Any CPU
		{CC09A16C-FBC2-46EC-A338-293988F96614}.Release|Any CPU.ActiveCfg = Release|Any CPU
		{CC09A16C-FBC2-46EC-A338-293988F96614}.Release|Any CPU.Build.0 = Release|Any CPU
		{8BB7D25C-09C4-4D2E-B15E-C32AE5D0F5F0}.Debug|Any CPU.ActiveCfg = Debug|Any CPU
		{8BB7D25C-09C4-4D2E-B15E-C32AE5D0F5F0}.Debug|Any CPU.Build.0 = Debug|Any CPU
		{8BB7D25C-09C4-4D2E-B15E-C32AE5D0F5F0}.Release|Any CPU.ActiveCfg = Release|Any CPU
		{8BB7D25C-09C4-4D2E-B15E-C32AE5D0F5F0}.Release|Any CPU.Build.0 = Release|Any CPU
		{6A0F057D-A654-4A9C-8287-289EE793B16E}.Debug|Any CPU.ActiveCfg = Debug|Any CPU
		{6A0F057D-A654-4A9C-8287-289EE793B16E}.Debug|Any CPU.Build.0 = Debug|Any CPU
		{6A0F057D-A654-4A9C-8287-289EE793B16E}.Release|Any CPU.ActiveCfg = Release|Any CPU
		{6A0F057D-A654-4A9C-8287-289EE793B16E}.Release|Any CPU.Build.0 = Release|Any CPU
		{C926027B-0502-4EBE-B5B4-3AB9EBB17D14}.Debug|Any CPU.ActiveCfg = Debug|Any CPU
		{C926027B-0502-4EBE-B5B4-3AB9EBB17D14}.Debug|Any CPU.Build.0 = Debug|Any CPU
		{C926027B-0502-4EBE-B5B4-3AB9EBB17D14}.Release|Any CPU.ActiveCfg = Release|Any CPU
		{C926027B-0502-4EBE-B5B4-3AB9EBB17D14}.Release|Any CPU.Build.0 = Release|Any CPU
		{AA18C5A9-408A-4231-A0B0-C822B9562CEF}.Debug|Any CPU.ActiveCfg = Debug|Any CPU
		{AA18C5A9-408A-4231-A0B0-C822B9562CEF}.Debug|Any CPU.Build.0 = Debug|Any CPU
		{AA18C5A9-408A-4231-A0B0-C822B9562CEF}.Release|Any CPU.ActiveCfg = Release|Any CPU
		{AA18C5A9-408A-4231-A0B0-C822B9562CEF}.Release|Any CPU.Build.0 = Release|Any CPU
	EndGlobalSection
	GlobalSection(SolutionProperties) = preSolution
		HideSolutionNode = FALSE
	EndGlobalSection
	GlobalSection(ExtensibilityGlobals) = postSolution
		SolutionGuid = {9F2E2661-14D4-4FAB-B1D4-337B20671E73}
	EndGlobalSection
EndGlobal
